{
  "name": "iraably",
  "version": "0.0.0",
  "lockfileVersion": 1,
  "requires": true,
  "dependencies": {
    "@babel/parser": {
      "version": "7.18.4",
      "resolved": "https://ci-artifacts.devops.fds.com:443/artifactory/api/npm/npm-all/@babel/parser/-/parser-7.18.4.tgz",
      "integrity": "sha1-Z3QjF3ndcA4K8p9q2NR5WC185e8="
    },
    "@vitejs/plugin-vue": {
      "version": "2.3.3",
      "resolved": "https://ci-artifacts.devops.fds.com:443/artifactory/api/npm/npm-all/@vitejs/plugin-vue/-/plugin-vue-2.3.3.tgz",
      "integrity": "sha1-+/gMwDm4KsIaGssPBHjej2H79gA=",
      "dev": true
    },
    "@volar/code-gen": {
      "version": "0.34.17",
      "resolved": "https://ci-artifacts.devops.fds.com:443/artifactory/api/npm/npm-all/@volar/code-gen/-/code-gen-0.34.17.tgz",
      "integrity": "sha1-/UbjaUVOa9lZm1EVALTEOsuXML0=",
      "dev": true,
      "requires": {
        "@volar/source-map": "0.34.17"
      }
    },
    "@volar/source-map": {
      "version": "0.34.17",
      "resolved": "https://ci-artifacts.devops.fds.com:443/artifactory/api/npm/npm-all/@volar/source-map/-/source-map-0.34.17.tgz",
      "integrity": "sha1-ee/E0IjhH1n8hXlTGFofhS33CWg=",
      "dev": true
    },
    "@volar/vue-code-gen": {
      "version": "0.34.17",
      "resolved": "https://ci-artifacts.devops.fds.com:443/artifactory/api/npm/npm-all/@volar/vue-code-gen/-/vue-code-gen-0.34.17.tgz",
      "integrity": "sha1-VcqcIbOMkb82J2GyaKd7nw7K6L8=",
      "dev": true,
      "requires": {
        "@volar/code-gen": "0.34.17",
        "@volar/source-map": "0.34.17",
        "@vue/compiler-core": "^3.2.36",
        "@vue/compiler-dom": "^3.2.36",
        "@vue/shared": "^3.2.36"
      }
    },
    "@volar/vue-typescript": {
      "version": "0.34.17",
      "resolved": "https://ci-artifacts.devops.fds.com:443/artifactory/api/npm/npm-all/@volar/vue-typescript/-/vue-typescript-0.34.17.tgz",
      "integrity": "sha1-SX60ceusJf9hrwQDG3jscaNNRws=",
      "dev": true,
      "requires": {
        "@volar/code-gen": "0.34.17",
        "@volar/source-map": "0.34.17",
        "@volar/vue-code-gen": "0.34.17",
        "@vue/compiler-sfc": "^3.2.36",
        "@vue/reactivity": "^3.2.36"
      }
    },
    "@vue/compiler-core": {
      "version": "3.2.36",
      "resolved": "https://ci-artifacts.devops.fds.com:443/artifactory/api/npm/npm-all/@vue/compiler-core/-/compiler-core-3.2.36.tgz",
      "integrity": "sha1-L6RFlTCMlWEGAt9U3LaQY7osg4M=",
      "requires": {
        "@babel/parser": "^7.16.4",
        "@vue/shared": "3.2.36",
        "estree-walker": "^2.0.2",
        "source-map": "^0.6.1"
      }
    },
    "@vue/compiler-dom": {
      "version": "3.2.36",
      "resolved": "https://ci-artifacts.devops.fds.com:443/artifactory/api/npm/npm-all/@vue/compiler-dom/-/compiler-dom-3.2.36.tgz",
      "integrity": "sha1-FtkR/xY+1fyAh6AWRb8Uu38yVAE=",
      "requires": {
        "@vue/compiler-core": "3.2.36",
        "@vue/shared": "3.2.36"
      }
    },
    "@vue/compiler-sfc": {
      "version": "3.2.36",
      "resolved": "https://ci-artifacts.devops.fds.com:443/artifactory/api/npm/npm-all/@vue/compiler-sfc/-/compiler-sfc-3.2.36.tgz",
      "integrity": "sha1-5QZefA5RcP+nUOPD3ZOinbEJ0PI=",
      "requires": {
        "@babel/parser": "^7.16.4",
        "@vue/compiler-core": "3.2.36",
        "@vue/compiler-dom": "3.2.36",
        "@vue/compiler-ssr": "3.2.36",
        "@vue/reactivity-transform": "3.2.36",
        "@vue/shared": "3.2.36",
        "estree-walker": "^2.0.2",
        "magic-string": "^0.25.7",
        "postcss": "^8.1.10",
        "source-map": "^0.6.1"
      }
    },
    "@vue/compiler-ssr": {
      "version": "3.2.36",
      "resolved": "https://ci-artifacts.devops.fds.com:443/artifactory/api/npm/npm-all/@vue/compiler-ssr/-/compiler-ssr-3.2.36.tgz",
      "integrity": "sha1-MU86lCTbWBQsNgj0jL2nqgX8Zss=",
      "requires": {
        "@vue/compiler-dom": "3.2.36",
        "@vue/shared": "3.2.36"
      }
    },
    "@vue/devtools-api": {
      "version": "6.1.4",
      "resolved": "https://ci-artifacts.devops.fds.com:443/artifactory/api/npm/npm-all/@vue/devtools-api/-/devtools-api-6.1.4.tgz",
      "integrity": "sha1-tK7C9LRZnhG6d0pQxn+jeMmCTlM="
    },
    "@vue/reactivity": {
      "version": "3.2.36",
      "resolved": "https://ci-artifacts.devops.fds.com:443/artifactory/api/npm/npm-all/@vue/reactivity/-/reactivity-3.2.36.tgz",
      "integrity": "sha1-AmsU5xb+v/6AzShP2KKzM3iWhkY=",
      "requires": {
        "@vue/shared": "3.2.36"
      }
    },
    "@vue/reactivity-transform": {
      "version": "3.2.36",
      "resolved": "https://ci-artifacts.devops.fds.com:443/artifactory/api/npm/npm-all/@vue/reactivity-transform/-/reactivity-transform-3.2.36.tgz",
      "integrity": "sha1-hCapQbCwnRuU/BYtRkJ1gYO10TM=",
      "requires": {
        "@babel/parser": "^7.16.4",
        "@vue/compiler-core": "3.2.36",
        "@vue/shared": "3.2.36",
        "estree-walker": "^2.0.2",
        "magic-string": "^0.25.7"
      }
    },
    "@vue/runtime-core": {
      "version": "3.2.36",
      "resolved": "https://ci-artifacts.devops.fds.com:443/artifactory/api/npm/npm-all/@vue/runtime-core/-/runtime-core-3.2.36.tgz",
      "integrity": "sha1-vlEV5mVnnCa/OAfSMmZ13B2EcTQ=",
      "requires": {
        "@vue/reactivity": "3.2.36",
        "@vue/shared": "3.2.36"
      }
    },
    "@vue/runtime-dom": {
      "version": "3.2.36",
      "resolved": "https://ci-artifacts.devops.fds.com:443/artifactory/api/npm/npm-all/@vue/runtime-dom/-/runtime-dom-3.2.36.tgz",
      "integrity": "sha1-zV1APqI8GO58F3ZxA6Gy+CY8VLs=",
      "requires": {
        "@vue/runtime-core": "3.2.36",
        "@vue/shared": "3.2.36",
        "csstype": "^2.6.8"
      }
    },
    "@vue/server-renderer": {
      "version": "3.2.36",
      "resolved": "https://ci-artifacts.devops.fds.com:443/artifactory/api/npm/npm-all/@vue/server-renderer/-/server-renderer-3.2.36.tgz",
      "integrity": "sha1-Hnwc9jvRffeCjQTox4DubKep7Xw=",
      "requires": {
        "@vue/compiler-ssr": "3.2.36",
        "@vue/shared": "3.2.36"
      }
    },
    "@vue/shared": {
      "version": "3.2.36",
      "resolved": "https://ci-artifacts.devops.fds.com:443/artifactory/api/npm/npm-all/@vue/shared/-/shared-3.2.36.tgz",
      "integrity": "sha1-NeESAFQs8pBounh9rVfam9uC9kQ="
    },
    "csstype": {
      "version": "2.6.20",
      "resolved": "https://ci-artifacts.devops.fds.com:443/artifactory/api/npm/npm-all/csstype/-/csstype-2.6.20.tgz",
      "integrity": "sha1-kinGXqCyYM9NPZl8sGKI42qNbdo="
    },
    "esbuild": {
      "version": "0.14.42",
      "resolved": "https://ci-artifacts.devops.fds.com:443/artifactory/api/npm/npm-all/esbuild/-/esbuild-0.14.42.tgz",
      "integrity": "sha1-mFh98LAk1fY0GxKh1zWiv/VeGDY=",
      "dev": true,
      "requires": {
        "esbuild-android-64": "0.14.42",
        "esbuild-android-arm64": "0.14.42",
        "esbuild-darwin-64": "0.14.42",
        "esbuild-darwin-arm64": "0.14.42",
        "esbuild-freebsd-64": "0.14.42",
        "esbuild-freebsd-arm64": "0.14.42",
        "esbuild-linux-32": "0.14.42",
        "esbuild-linux-64": "0.14.42",
        "esbuild-linux-arm": "0.14.42",
        "esbuild-linux-arm64": "0.14.42",
        "esbuild-linux-mips64le": "0.14.42",
        "esbuild-linux-ppc64le": "0.14.42",
        "esbuild-linux-riscv64": "0.14.42",
        "esbuild-linux-s390x": "0.14.42",
        "esbuild-netbsd-64": "0.14.42",
        "esbuild-openbsd-64": "0.14.42",
        "esbuild-sunos-64": "0.14.42",
        "esbuild-windows-32": "0.14.42",
        "esbuild-windows-64": "0.14.42",
        "esbuild-windows-arm64": "0.14.42"
      }
    },
    "esbuild-android-64": {
      "version": "0.14.42",
      "resolved": "https://ci-artifacts.devops.fds.com:443/artifactory/api/npm/npm-all/esbuild-android-64/-/esbuild-android-64-0.14.42.tgz",
      "integrity": "sha1-16s9RNNnEhjSK85S9lZCsSkI2VQ=",
      "dev": true,
      "optional": true
    },
    "esbuild-android-arm64": {
      "version": "0.14.42",
      "resolved": "https://ci-artifacts.devops.fds.com:443/artifactory/api/npm/npm-all/esbuild-android-arm64/-/esbuild-android-arm64-0.14.42.tgz",
      "integrity": "sha1-RTNti+xJq92zoCKZaiM3P0WlfCc=",
      "dev": true,
      "optional": true
    },
    "esbuild-darwin-64": {
      "version": "0.14.42",
      "resolved": "https://ci-artifacts.devops.fds.com:443/artifactory/api/npm/npm-all/esbuild-darwin-64/-/esbuild-darwin-64-0.14.42.tgz",
      "integrity": "sha1-bf9eRM1wqIwzMj4vX7WY5AxoqeA=",
      "dev": true,
      "optional": true
    },
    "esbuild-darwin-arm64": {
      "version": "0.14.42",
      "resolved": "https://ci-artifacts.devops.fds.com:443/artifactory/api/npm/npm-all/esbuild-darwin-arm64/-/esbuild-darwin-arm64-0.14.42.tgz",
      "integrity": "sha1-LHMT4bEtL6W4icAyE9aC+5LKjE8=",
      "dev": true,
      "optional": true
    },
    "esbuild-freebsd-64": {
      "version": "0.14.42",
      "resolved": "https://ci-artifacts.devops.fds.com:443/artifactory/api/npm/npm-all/esbuild-freebsd-64/-/esbuild-freebsd-64-0.14.42.tgz",
      "integrity": "sha1-rRxaVkp+RzuM6V7n92YY0F1tr/w=",
      "dev": true,
      "optional": true
    },
    "esbuild-freebsd-arm64": {
      "version": "0.14.42",
      "resolved": "https://ci-artifacts.devops.fds.com:443/artifactory/api/npm/npm-all/esbuild-freebsd-arm64/-/esbuild-freebsd-arm64-0.14.42.tgz",
      "integrity": "sha1-S9tIAjQUT5RPGTCCm6znVhE13cc=",
      "dev": true,
      "optional": true
    },
    "esbuild-linux-32": {
      "version": "0.14.42",
      "resolved": "https://ci-artifacts.devops.fds.com:443/artifactory/api/npm/npm-all/esbuild-linux-32/-/esbuild-linux-32-0.14.42.tgz",
      "integrity": "sha1-7xj9GfBn6dK19nfWuC+oFRn1qMI=",
      "dev": true,
      "optional": true
    },
    "esbuild-linux-64": {
      "version": "0.14.42",
      "resolved": "https://ci-artifacts.devops.fds.com:443/artifactory/api/npm/npm-all/esbuild-linux-64/-/esbuild-linux-64-0.14.42.tgz",
      "integrity": "sha1-2E5zM7HBsiz4tbnbtd2bLss0t58=",
      "dev": true,
      "optional": true
    },
    "esbuild-linux-arm": {
      "version": "0.14.42",
      "resolved": "https://ci-artifacts.devops.fds.com:443/artifactory/api/npm/npm-all/esbuild-linux-arm/-/esbuild-linux-arm-0.14.42.tgz",
      "integrity": "sha1-1Jhw5j4iQrgVa/Rz8u5RVCJr4yg=",
      "dev": true,
      "optional": true
    },
    "esbuild-linux-arm64": {
      "version": "0.14.42",
      "resolved": "https://ci-artifacts.devops.fds.com:443/artifactory/api/npm/npm-all/esbuild-linux-arm64/-/esbuild-linux-arm64-0.14.42.tgz",
      "integrity": "sha1-3BnigvjE/7qkcMAqTRceSuAYDMo=",
      "dev": true,
      "optional": true
    },
    "esbuild-linux-mips64le": {
      "version": "0.14.42",
      "resolved": "https://ci-artifacts.devops.fds.com:443/artifactory/api/npm/npm-all/esbuild-linux-mips64le/-/esbuild-linux-mips64le-0.14.42.tgz",
      "integrity": "sha1-9Ob/m/im8XVHBJiCb0jQk7BU/CI=",
      "dev": true,
      "optional": true
    },
    "esbuild-linux-ppc64le": {
      "version": "0.14.42",
      "resolved": "https://ci-artifacts.devops.fds.com:443/artifactory/api/npm/npm-all/esbuild-linux-ppc64le/-/esbuild-linux-ppc64le-0.14.42.tgz",
      "integrity": "sha1-rJxm/IC6n4/aFaTMCPTlX2wK7WM=",
      "dev": true,
      "optional": true
    },
    "esbuild-linux-riscv64": {
      "version": "0.14.42",
      "resolved": "https://ci-artifacts.devops.fds.com:443/artifactory/api/npm/npm-all/esbuild-linux-riscv64/-/esbuild-linux-riscv64-0.14.42.tgz",
      "integrity": "sha1-IeCuSSo6m/Tuy/yRYzmmbiBCVtA=",
      "dev": true,
      "optional": true
    },
    "esbuild-linux-s390x": {
      "version": "0.14.42",
      "resolved": "https://ci-artifacts.devops.fds.com:443/artifactory/api/npm/npm-all/esbuild-linux-s390x/-/esbuild-linux-s390x-0.14.42.tgz",
      "integrity": "sha1-BtQLlXJQ/9miGDv9/JoD1v0hs+g=",
      "dev": true,
      "optional": true
    },
    "esbuild-netbsd-64": {
      "version": "0.14.42",
      "resolved": "https://ci-artifacts.devops.fds.com:443/artifactory/api/npm/npm-all/esbuild-netbsd-64/-/esbuild-netbsd-64-0.14.42.tgz",
      "integrity": "sha1-GFZk8F8QkU8U7UO9niK33lhCZ/c=",
      "dev": true,
      "optional": true
    },
    "esbuild-openbsd-64": {
      "version": "0.14.42",
      "resolved": "https://ci-artifacts.devops.fds.com:443/artifactory/api/npm/npm-all/esbuild-openbsd-64/-/esbuild-openbsd-64-0.14.42.tgz",
      "integrity": "sha1-wpAG9lnrTlUoMES7vU60BU+uiDk=",
      "dev": true,
      "optional": true
    },
    "esbuild-sunos-64": {
      "version": "0.14.42",
      "resolved": "https://ci-artifacts.devops.fds.com:443/artifactory/api/npm/npm-all/esbuild-sunos-64/-/esbuild-sunos-64-0.14.42.tgz",
      "integrity": "sha1-qp7sESzR5xBee7NwAOyn1GAIP48=",
      "dev": true,
      "optional": true
    },
    "esbuild-windows-32": {
      "version": "0.14.42",
      "resolved": "https://ci-artifacts.devops.fds.com:443/artifactory/api/npm/npm-all/esbuild-windows-32/-/esbuild-windows-32-0.14.42.tgz",
      "integrity": "sha1-w/xFCFPGGnTazFZ53jAdsjtz5h4=",
      "dev": true,
      "optional": true
    },
    "esbuild-windows-64": {
      "version": "0.14.42",
      "resolved": "https://ci-artifacts.devops.fds.com:443/artifactory/api/npm/npm-all/esbuild-windows-64/-/esbuild-windows-64-0.14.42.tgz",
      "integrity": "sha1-uHeqN/9H2fzwzLHKaiSzFHWl5VU=",
      "dev": true,
      "optional": true
    },
    "esbuild-windows-arm64": {
      "version": "0.14.42",
      "resolved": "https://ci-artifacts.devops.fds.com:443/artifactory/api/npm/npm-all/esbuild-windows-arm64/-/esbuild-windows-arm64-0.14.42.tgz",
      "integrity": "sha1-edqHRGJvJLwBbcQNAWlQtaSiusU=",
      "dev": true,
      "optional": true
    },
    "estree-walker": {
      "version": "2.0.2",
      "resolved": "https://ci-artifacts.devops.fds.com:443/artifactory/api/npm/npm-all/estree-walker/-/estree-walker-2.0.2.tgz",
      "integrity": "sha1-UvAQF4wqTBF6d1fP6UKtt9LaTKw="
    },
    "fsevents": {
      "version": "2.3.2",
      "resolved": "https://ci-artifacts.devops.fds.com:443/artifactory/api/npm/npm-all/fsevents/-/fsevents-2.3.2.tgz",
      "integrity": "sha1-ilJveLj99GI7cJ4Ll1xSwkwC/Ro=",
      "dev": true,
      "optional": true
    },
    "function-bind": {
      "version": "1.1.1",
      "resolved": "https://ci-artifacts.devops.fds.com:443/artifactory/api/npm/npm-all/function-bind/-/function-bind-1.1.1.tgz",
      "integrity": "sha1-pWiZ0+o8m6uHS7l3O3xe3pL0iV0=",
      "dev": true
    },
    "has": {
      "version": "1.0.3",
      "resolved": "https://ci-artifacts.devops.fds.com:443/artifactory/api/npm/npm-all/has/-/has-1.0.3.tgz",
      "integrity": "sha1-ci18v8H2qoJB8W3YFOAR4fQeh5Y=",
      "dev": true,
      "requires": {
        "function-bind": "^1.1.1"
      }
    },
    "is-core-module": {
      "version": "2.9.0",
      "resolved": "https://ci-artifacts.devops.fds.com:443/artifactory/api/npm/npm-all/is-core-module/-/is-core-module-2.9.0.tgz",
      "integrity": "sha1-4cNEKc1Rxt2eCeB5njluJ7GanGk=",
      "dev": true,
      "requires": {
        "has": "^1.0.3"
      }
    },
    "magic-string": {
      "version": "0.25.9",
      "resolved": "https://ci-artifacts.devops.fds.com:443/artifactory/api/npm/npm-all/magic-string/-/magic-string-0.25.9.tgz",
      "integrity": "sha1-3n+fr5HvihyR0CwuUxTIJ3283Rw=",
      "requires": {
        "sourcemap-codec": "^1.4.8"
      }
    },
    "nanoid": {
      "version": "3.3.4",
      "resolved": "https://ci-artifacts.devops.fds.com:443/artifactory/api/npm/npm-all/nanoid/-/nanoid-3.3.4.tgz",
      "integrity": "sha1-cwtn480J4t6s8DwCfIHJ2dvF6Ks="
    },
    "path-parse": {
      "version": "1.0.7",
      "resolved": "https://ci-artifacts.devops.fds.com:443/artifactory/api/npm/npm-all/path-parse/-/path-parse-1.0.7.tgz",
      "integrity": "sha1-+8EUtgykKzDZ2vWFjkvWi77bZzU=",
      "dev": true
    },
    "picocolors": {
      "version": "1.0.0",
      "resolved": "https://ci-artifacts.devops.fds.com:443/artifactory/api/npm/npm-all/picocolors/-/picocolors-1.0.0.tgz",
      "integrity": "sha1-y1vcdP8/UYkiNur3nWi8RFZKuBw="
    },
    "pinia": {
      "version": "2.0.14",
      "resolved": "https://ci-artifacts.devops.fds.com:443/artifactory/api/npm/npm-all/pinia/-/pinia-2.0.14.tgz",
      "integrity": "sha1-CDeJjCApHrrJgrv8qVyNPGCZkl8=",
      "requires": {
        "@vue/devtools-api": "^6.1.4",
        "vue-demi": "*"
      }
    },
    "postcss": {
      "version": "8.4.14",
      "resolved": "https://ci-artifacts.devops.fds.com:443/artifactory/api/npm/npm-all/postcss/-/postcss-8.4.14.tgz",
      "integrity": "sha1-7pJ01WIrSFjBAHp0125C5W/SHK8=",
      "requires": {
        "nanoid": "^3.3.4",
        "picocolors": "^1.0.0",
        "source-map-js": "^1.0.2"
      }
    },
    "resolve": {
      "version": "1.22.0",
      "resolved": "https://ci-artifacts.devops.fds.com:443/artifactory/api/npm/npm-all/resolve/-/resolve-1.22.0.tgz",
      "integrity": "sha1-XguMZ8Fd9XqJvbq+YDoALyFzEZg=",
      "dev": true,
      "requires": {
        "is-core-module": "^2.8.1",
        "path-parse": "^1.0.7",
        "supports-preserve-symlinks-flag": "^1.0.0"
      }
    },
    "rollup": {
      "version": "2.75.5",
      "resolved": "https://ci-artifacts.devops.fds.com:443/artifactory/api/npm/npm-all/rollup/-/rollup-2.75.5.tgz",
      "integrity": "sha1-eYXBliSDI13QeWbwn9rVxfifFtA=",
      "dev": true,
      "requires": {
        "fsevents": "~2.3.2"
      }
    },
    "source-map": {
      "version": "0.6.1",
      "resolved": "https://ci-artifacts.devops.fds.com:443/artifactory/api/npm/npm-all/source-map/-/source-map-0.6.1.tgz",
      "integrity": "sha1-dHIq8y6WFOnCh6jQu95IteLxomM="
    },
    "source-map-js": {
      "version": "1.0.2",
      "resolved": "https://ci-artifacts.devops.fds.com:443/artifactory/api/npm/npm-all/source-map-js/-/source-map-js-1.0.2.tgz",
      "integrity": "sha1-rbw2HZxi3zgBJefxYfccgm8eSQw="
    },
    "sourcemap-codec": {
      "version": "1.4.8",
      "resolved": "https://ci-artifacts.devops.fds.com:443/artifactory/api/npm/npm-all/sourcemap-codec/-/sourcemap-codec-1.4.8.tgz",
      "integrity": "sha1-6oBL2UhXQC5pktBaOO8a41qatMQ="
    },
    "supports-preserve-symlinks-flag": {
      "version": "1.0.0",
      "resolved": "https://ci-artifacts.devops.fds.com:443/artifactory/api/npm/npm-all/supports-preserve-symlinks-flag/-/supports-preserve-symlinks-flag-1.0.0.tgz",
      "integrity": "sha1-btpL00SjyUrqN21MwxvHcxEDngk=",
      "dev": true
    },
    "typescript": {
      "version": "4.7.3",
      "resolved": "https://ci-artifacts.devops.fds.com:443/artifactory/api/npm/npm-all/typescript/-/typescript-4.7.3.tgz",
      "integrity": "sha1-g2S1AtUle1QPneTEC+hMmOI6Ep0=",
      "dev": true
    },
    "vite": {
      "version": "2.9.9",
      "resolved": "https://ci-artifacts.devops.fds.com:443/artifactory/api/npm/npm-all/vite/-/vite-2.9.9.tgz",
      "integrity": "sha1-i1WJh9teYP7ewvSwA7cxZMsIHF4=",
      "dev": true,
      "requires": {
        "esbuild": "^0.14.27",
        "fsevents": "~2.3.2",
        "postcss": "^8.4.13",
        "resolve": "^1.22.0",
        "rollup": "^2.59.0"
      }
    },
    "vue": {
      "version": "3.2.36",
      "resolved": "https://ci-artifacts.devops.fds.com:443/artifactory/api/npm/npm-all/vue/-/vue-3.2.36.tgz",
      "integrity": "sha1-jaqZbiztUhcI3pfQZsfJmOi8M3g=",
      "requires": {
        "@vue/compiler-dom": "3.2.36",
        "@vue/compiler-sfc": "3.2.36",
        "@vue/runtime-dom": "3.2.36",
        "@vue/server-renderer": "3.2.36",
        "@vue/shared": "3.2.36"
      }
    },
    "vue-demi": {
      "version": "0.13.1",
      "resolved": "https://ci-artifacts.devops.fds.com:443/artifactory/api/npm/npm-all/vue-demi/-/vue-demi-0.13.1.tgz",
      "integrity": "sha1-dgSQTIi+M4QYoQq7yU1bjKoUy4w="
    },
    "vue-tsc": {
      "version": "0.34.17",
      "resolved": "https://ci-artifacts.devops.fds.com:443/artifactory/api/npm/npm-all/vue-tsc/-/vue-tsc-0.34.17.tgz",
      "integrity": "sha1-My/Fwx1ku5t0sPJgUPOrBnqafW8=",
      "dev": true,
      "requires": {
        "@volar/vue-typescript": "0.34.17"
      }
    }
  }
}
